hash: 0675f3ad945b7243c1a2ec97699e353d0214351a545054a6a2980134a6ea1f0f
updated: 2017-01-29T16:37:40.204217003+02:00
imports:
- name: github.com/davecgh/go-spew
  version: 2df174808ee097f90d259e432cc04442cf60be21
  subpackages:
  - spew
- name: github.com/docker/distribution
  version: 4abae2ae560ba91db98779db2739eb97d7592fba
  subpackages:
  - digest
  - reference
- name: github.com/docker/engine-api
  version: 53b6b19ee622c8584c28fdde0e3893383b290da3
  subpackages:
  - client
  - client/transport
  - client/transport/cancellable
  - types
  - types/blkiodev
  - types/container
  - types/filters
  - types/network
  - types/reference
  - types/registry
  - types/strslice
  - types/swarm
  - types/time
  - types/versions
- name: github.com/docker/go-connections
  version: 990a1a1a70b0da4c4cb70e117971a4f0babfbf1a
  subpackages:
  - nat
  - sockets
  - tlsconfig
- name: github.com/docker/go-units
  version: 5d2041e26a699eaca682e2ea41c8f891e1060444
- name: github.com/johntdyer/slack-go
  version: 88736fd63eed11c942b478c3182bdd2f152971e5
- name: github.com/johntdyer/slackrus
  version: c0ae47c54192c8c7c33c766cdfa61c2d24a4ccbf
- name: github.com/Microsoft/go-winio
  version: ce2922f643c8fd76b46cadc7f404a06282678b34
- name: github.com/opencontainers/runc
  version: fb221651e5120cd287a76c7c1b6c877520fbd034
  subpackages:
  - libcontainer/user
- name: github.com/pmezard/go-difflib
  version: d8ed2627bdf02c080bf22230dbb337003b7aba2d
  subpackages:
  - difflib
- name: github.com/samalba/dockerclient
  version: 52fe1c9d696f36d894d2319f1717a383ebc46f19
  subpackages:
  - mockclient
- name: github.com/Sirupsen/logrus
  version: 4b6ea7319e214d98c938f12692336f7ca9348d6b
- name: github.com/stretchr/objx
  version: cbeaeb16a013161a98496fad62933b1d21786672
- name: github.com/stretchr/testify
  version: f390dcf405f7b83c997eac1b06768bb9f44dec18
  subpackages:
  - assert
  - mock
  - require
  - suite
- name: github.com/urfave/cli
  version: 1efa31f08b9333f1bd4882d61f9d668a70cd902e
- name: golang.org/x/net
  version: 4876518f9e71663000c348837735820161a42df7
  subpackages:
  - context
  - proxy
- name: golang.org/x/sys
  version: a60af9cbbc6ab800af4f2be864a31f423a0ae1f2
  subpackages:
  - unix
  - windows
testImports: []
